
Microsoft Visual Studio Solution File, Format Version 12.00
# Visual Studio 15
VisualStudioVersion = 15.0.27703.2042
MinimumVisualStudioVersion = 10.0.40219.1
Project("{FAE04EC0-301F-11D3-BF4B-00C04F79EFBC}") = "Supplies", "Supplies\Supplies.csproj", "{B45B0D3C-3A50-4396-8FA5-C57D41AD9900}"
EndProject
Global
	GlobalSection(SolutionConfigurationPlatforms) = preSolution
		Debug|Any CPU = Debug|Any CPU
		Release|Any CPU = Release|Any CPU
	EndGlobalSection
	GlobalSection(ProjectConfigurationPlatforms) = postSolution
		{B45B0D3C-3A50-4396-8FA5-C57D41AD9900}.Debug|Any CPU.ActiveCfg = Debug|Any CPU
		{B45B0D3C-3A50-4396-8FA5-C57D41AD9900}.Debug|Any CPU.Build.0 = Debug|Any CPU
		{B45B0D3C-3A50-4396-8FA5-C57D41AD9900}.Release|Any CPU.ActiveCfg = Release|Any CPU
		{B45B0D3C-3A50-4396-8FA5-C57D41AD9900}.Release|Any CPU.Build.0 = Release|Any CPU
	EndGlobalSection
	GlobalSection(SolutionProperties) = preSolution
		HideSolutionNode = FALSE
	EndGlobalSection
	GlobalSection(ExtensibilityGlobals) = postSolution
		SolutionGuid = {8DD3BA94-0011-4AA1-924B-FAA36EE88B19}
	EndGlobalSection
EndGlobal
